// !$*UTF8*$!
{
	archiveVersion = 1;
	classes = {
	};
	objectVersion = 46;
	objects = {

/* Begin PBXBuildFile section */
		8F0DBBD11C8B48000027A954 /* AppDelegate.swift in Sources */ = {isa = PBXBuildFile; fileRef = 8F0DBBD01C8B48000027A954 /* AppDelegate.swift */; };
		8F0DBBD31C8B48000027A954 /* ViewController.swift in Sources */ = {isa = PBXBuildFile; fileRef = 8F0DBBD21C8B48000027A954 /* ViewController.swift */; };
		8F0DBBD61C8B48000027A954 /* Main.storyboard in Resources */ = {isa = PBXBuildFile; fileRef = 8F0DBBD41C8B48000027A954 /* Main.storyboard */; };
		8F0DBBD91C8B48000027A954 /* BeyondVision.xcdatamodeld in Sources */ = {isa = PBXBuildFile; fileRef = 8F0DBBD71C8B48000027A954 /* BeyondVision.xcdatamodeld */; };
		8F0DBBDB1C8B48000027A954 /* Assets.xcassets in Resources */ = {isa = PBXBuildFile; fileRef = 8F0DBBDA1C8B48000027A954 /* Assets.xcassets */; };
		8F0DBBDE1C8B48000027A954 /* LaunchScreen.storyboard in Resources */ = {isa = PBXBuildFile; fileRef = 8F0DBBDC1C8B48000027A954 /* LaunchScreen.storyboard */; };
		8F0DBBE91C8B48000027A954 /* BeyondVisionTests.swift in Sources */ = {isa = PBXBuildFile; fileRef = 8F0DBBE81C8B48000027A954 /* BeyondVisionTests.swift */; };
		8F0DBBF41C8B48010027A954 /* BeyondVisionUITests.swift in Sources */ = {isa = PBXBuildFile; fileRef = 8F0DBBF31C8B48010027A954 /* BeyondVisionUITests.swift */; };
/* End PBXBuildFile section */

/* Begin PBXContainerItemProxy section */
		8F0DBBE51C8B48000027A954 /* PBXContainerItemProxy */ = {
			isa = PBXContainerItemProxy;
			containerPortal = 8F0DBBC51C8B48000027A954 /* Project object */;
			proxyType = 1;
			remoteGlobalIDString = 8F0DBBCC1C8B48000027A954;
			remoteInfo = BeyondVision;
		};
		8F0DBBF01C8B48000027A954 /* PBXContainerItemProxy */ = {
			isa = PBXContainerItemProxy;
			containerPortal = 8F0DBBC51C8B48000027A954 /* Project object */;
			proxyType = 1;
			remoteGlobalIDString = 8F0DBBCC1C8B48000027A954;
			remoteInfo = BeyondVision;
		};
/* End PBXContainerItemProxy section */

/* Begin PBXFileReference section */
		8F0DBBCD1C8B48000027A954 /* BeyondVision.app */ = {isa = PBXFileReference; explicitFileType = wrapper.application; includeInIndex = 0; path = BeyondVision.app; sourceTree = BUILT_PRODUCTS_DIR; };
		8F0DBBD01C8B48000027A954 /* AppDelegate.swift */ = {isa = PBXFileReference; lastKnownFileType = sourcecode.swift; path = AppDelegate.swift; sourceTree = "<group>"; };
		8F0DBBD21C8B48000027A954 /* ViewController.swift */ = {isa = PBXFileReference; lastKnownFileType = sourcecode.swift; path = ViewController.swift; sourceTree = "<group>"; };
		8F0DBBD51C8B48000027A954 /* Base */ = {isa = PBXFileReference; lastKnownFileType = file.storyboard; name = Base; path = Base.lproj/Main.storyboard; sourceTree = "<group>"; };
		8F0DBBD81C8B48000027A954 /* BeyondVision.xcdatamodel */ = {isa = PBXFileReference; lastKnownFileType = wrapper.xcdatamodel; path = BeyondVision.xcdatamodel; sourceTree = "<group>"; };
		8F0DBBDA1C8B48000027A954 /* Assets.xcassets */ = {isa = PBXFileReference; lastKnownFileType = folder.assetcatalog; path = Assets.xcassets; sourceTree = "<group>"; };
		8F0DBBDD1C8B48000027A954 /* Base */ = {isa = PBXFileReference; lastKnownFileType = file.storyboard; name = Base; path = Base.lproj/LaunchScreen.storyboard; sourceTree = "<group>"; };
		8F0DBBDF1C8B48000027A954 /* Info.plist */ = {isa = PBXFileReference; lastKnownFileType = text.plist.xml; path = Info.plist; sourceTree = "<group>"; };
		8F0DBBE41C8B48000027A954 /* BeyondVisionTests.xctest */ = {isa = PBXFileReference; explicitFileType = wrapper.cfbundle; includeInIndex = 0; path = BeyondVisionTests.xctest; sourceTree = BUILT_PRODUCTS_DIR; };
		8F0DBBE81C8B48000027A954 /* BeyondVisionTests.swift */ = {isa = PBXFileReference; lastKnownFileType = sourcecode.swift; path = BeyondVisionTests.swift; sourceTree = "<group>"; };
		8F0DBBEA1C8B48000027A954 /* Info.plist */ = {isa = PBXFileReference; lastKnownFileType = text.plist.xml; path = Info.plist; sourceTree = "<group>"; };
		8F0DBBEF1C8B48000027A954 /* BeyondVisionUITests.xctest */ = {isa = PBXFileReference; explicitFileType = wrapper.cfbundle; includeInIndex = 0; path = BeyondVisionUITests.xctest; sourceTree = BUILT_PRODUCTS_DIR; };
		8F0DBBF31C8B48010027A954 /* BeyondVisionUITests.swift */ = {isa = PBXFileReference; lastKnownFileType = sourcecode.swift; path = BeyondVisionUITests.swift; sourceTree = "<group>"; };
		8F0DBBF51C8B48010027A954 /* Info.plist */ = {isa = PBXFileReference; lastKnownFileType = text.plist.xml; path = Info.plist; sourceTree = "<group>"; };
/* End PBXFileReference section */

/* Begin PBXFrameworksBuildPhase section */
		8F0DBBCA1C8B48000027A954 /* Frameworks */ = {
			isa = PBXFrameworksBuildPhase;
			buildActionMask = 2147483647;
			files = (
			);
			runOnlyForDeploymentPostprocessing = 0;
		};
		8F0DBBE11C8B48000027A954 /* Frameworks */ = {
			isa = PBXFrameworksBuildPhase;
			buildActionMask = 2147483647;
			files = (
			);
			runOnlyForDeploymentPostprocessing = 0;
		};
		8F0DBBEC1C8B48000027A954 /* Frameworks */ = {
			isa = PBXFrameworksBuildPhase;
			buildActionMask = 2147483647;
			files = (
			);
			runOnlyForDeploymentPostprocessing = 0;
		};
/* End PBXFrameworksBuildPhase section */

/* Begin PBXGroup section */
		8F0DBBC41C8B48000027A954 = {
			isa = PBXGroup;
			children = (
				8F0DBBCF1C8B48000027A954 /* BeyondVision */,
				8F0DBBE71C8B48000027A954 /* BeyondVisionTests */,
				8F0DBBF21C8B48010027A954 /* BeyondVisionUITests */,
				8F0DBBCE1C8B48000027A954 /* Products */,
			);
			sourceTree = "<group>";
		};
		8F0DBBCE1C8B48000027A954 /* Products */ = {
			isa = PBXGroup;
			children = (
				8F0DBBCD1C8B48000027A954 /* BeyondVision.app */,
				8F0DBBE41C8B48000027A954 /* BeyondVisionTests.xctest */,
				8F0DBBEF1C8B48000027A954 /* BeyondVisionUITests.xctest */,
			);
			name = Products;
			sourceTree = "<group>";
		};
		8F0DBBCF1C8B48000027A954 /* BeyondVision */ = {
			isa = PBXGroup;
			children = (
				8F0DBBD01C8B48000027A954 /* AppDelegate.swift */,
				8F0DBBD21C8B48000027A954 /* ViewController.swift */,
				8F0DBBD41C8B48000027A954 /* Main.storyboard */,
				8F0DBBDA1C8B48000027A954 /* Assets.xcassets */,
				8F0DBBDC1C8B48000027A954 /* LaunchScreen.storyboard */,
				8F0DBBDF1C8B48000027A954 /* Info.plist */,
				8F0DBBD71C8B48000027A954 /* BeyondVision.xcdatamodeld */,
			);
			path = BeyondVision;
			sourceTree = "<group>";
		};
		8F0DBBE71C8B48000027A954 /* BeyondVisionTests */ = {
			isa = PBXGroup;
			children = (
				8F0DBBE81C8B48000027A954 /* BeyondVisionTests.swift */,
				8F0DBBEA1C8B48000027A954 /* Info.plist */,
			);
			path = BeyondVisionTests;
			sourceTree = "<group>";
		};
		8F0DBBF21C8B48010027A954 /* BeyondVisionUITests */ = {
			isa = PBXGroup;
			children = (
				8F0DBBF31C8B48010027A954 /* BeyondVisionUITests.swift */,
				8F0DBBF51C8B48010027A954 /* Info.plist */,
			);
			path = BeyondVisionUITests;
			sourceTree = "<group>";
		};
/* End PBXGroup section */

/* Begin PBXNativeTarget section */
		8F0DBBCC1C8B48000027A954 /* BeyondVision */ = {
			isa = PBXNativeTarget;
			buildConfigurationList = 8F0DBBF81C8B48010027A954 /* Build configuration list for PBXNativeTarget "BeyondVision" */;
			buildPhases = (
				8F0DBBC91C8B48000027A954 /* Sources */,
				8F0DBBCA1C8B48000027A954 /* Frameworks */,
				8F0DBBCB1C8B48000027A954 /* Resources */,
			);
			buildRules = (
			);
			dependencies = (
			);
			name = BeyondVision;
			productName = BeyondVision;
			productReference = 8F0DBBCD1C8B48000027A954 /* BeyondVision.app */;
			productType = "com.apple.product-type.application";
		};
		8F0DBBE31C8B48000027A954 /* BeyondVisionTests */ = {
			isa = PBXNativeTarget;
			buildConfigurationList = 8F0DBBFB1C8B48010027A954 /* Build configuration list for PBXNativeTarget "BeyondVisionTests" */;
			buildPhases = (
				8F0DBBE01C8B48000027A954 /* Sources */,
				8F0DBBE11C8B48000027A954 /* Frameworks */,
				8F0DBBE21C8B48000027A954 /* Resources */,
			);
			buildRules = (
			);
			dependencies = (
				8F0DBBE61C8B48000027A954 /* PBXTargetDependency */,
			);
			name = BeyondVisionTests;
			productName = BeyondVisionTests;
			productReference = 8F0DBBE41C8B48000027A954 /* BeyondVisionTests.xctest */;
			productType = "com.apple.product-type.bundle.unit-test";
		};
		8F0DBBEE1C8B48000027A954 /* BeyondVisionUITests */ = {
			isa = PBXNativeTarget;
			buildConfigurationList = 8F0DBBFE1C8B48010027A954 /* Build configuration list for PBXNativeTarget "BeyondVisionUITests" */;
			buildPhases = (
				8F0DBBEB1C8B48000027A954 /* Sources */,
				8F0DBBEC1C8B48000027A954 /* Frameworks */,
				8F0DBBED1C8B48000027A954 /* Resources */,
			);
			buildRules = (
			);
			dependencies = (
				8F0DBBF11C8B48000027A954 /* PBXTargetDependency */,
			);
			name = BeyondVisionUITests;
			productName = BeyondVisionUITests;
			productReference = 8F0DBBEF1C8B48000027A954 /* BeyondVisionUITests.xctest */;
			productType = "com.apple.product-type.bundle.ui-testing";
		};
/* End PBXNativeTarget section */

/* Begin PBXProject section */
		8F0DBBC51C8B48000027A954 /* Project object */ = {
			isa = PBXProject;
			attributes = {
				LastSwiftUpdateCheck = 0720;
				LastUpgradeCheck = 0720;
				ORGANIZATIONNAME = MariamN;
				TargetAttributes = {
					8F0DBBCC1C8B48000027A954 = {
						CreatedOnToolsVersion = 7.2.1;
						DevelopmentTeam = N5AU9BZ36W;
					};
					8F0DBBE31C8B48000027A954 = {
						CreatedOnToolsVersion = 7.2.1;
						DevelopmentTeam = N5AU9BZ36W;
						TestTargetID = 8F0DBBCC1C8B48000027A954;
					};
					8F0DBBEE1C8B48000027A954 = {
						CreatedOnToolsVersion = 7.2.1;
						DevelopmentTeam = N5AU9BZ36W;
						TestTargetID = 8F0DBBCC1C8B48000027A954;
					};
				};
			};
			buildConfigurationList = 8F0DBBC81C8B48000027A954 /* Build configuration list for PBXProject "BeyondVision" */;
			compatibilityVersion = "Xcode 3.2";
			developmentRegion = English;
			hasScannedForEncodings = 0;
			knownRegions = (
				en,
				Base,
			);
			mainGroup = 8F0DBBC41C8B48000027A954;
			productRefGroup = 8F0DBBCE1C8B48000027A954 /* Products */;
			projectDirPath = "";
			projectRoot = "";
			targets = (
				8F0DBBCC1C8B48000027A954 /* BeyondVision */,
				8F0DBBE31C8B48000027A954 /* BeyondVisionTests */,
				8F0DBBEE1C8B48000027A954 /* BeyondVisionUITests */,
			);
		};
/* End PBXProject section */

/* Begin PBXResourcesBuildPhase section */
		8F0DBBCB1C8B48000027A954 /* Resources */ = {
			isa = PBXResourcesBuildPhase;
			buildActionMask = 2147483647;
			files = (
				8F0DBBDE1C8B48000027A954 /* LaunchScreen.storyboard in Resources */,
				8F0DBBDB1C8B48000027A954 /* Assets.xcassets in Resources */,
				8F0DBBD61C8B48000027A954 /* Main.storyboard in Resources */,
			);
			runOnlyForDeploymentPostprocessing = 0;
		};
		8F0DBBE21C8B48000027A954 /* Resources */ = {
			isa = PBXResourcesBuildPhase;
			buildActionMask = 2147483647;
			files = (
			);
			runOnlyForDeploymentPostprocessing = 0;
		};
		8F0DBBED1C8B48000027A954 /* Resources */ = {
			isa = PBXResourcesBuildPhase;
			buildActionMask = 2147483647;
			files = (
			);
			runOnlyForDeploymentPostprocessing = 0;
		};
/* End PBXResourcesBuildPhase section */

/* Begin PBXSourcesBuildPhase section */
		8F0DBBC91C8B48000027A954 /* Sources */ = {
			isa = PBXSourcesBuildPhase;
			buildActionMask = 2147483647;
			files = (
				8F0DBBD91C8B48000027A954 /* BeyondVision.xcdatamodeld in Sources */,
				8F0DBBD31C8B48000027A954 /* ViewController.swift in Sources */,
				8F0DBBD11C8B48000027A954 /* AppDelegate.swift in Sources */,
			);
			runOnlyForDeploymentPostprocessing = 0;
		};
		8F0DBBE01C8B48000027A954 /* Sources */ = {
			isa = PBXSourcesBuildPhase;
			buildActionMask = 2147483647;
			files = (
				8F0DBBE91C8B48000027A954 /* BeyondVisionTests.swift in Sources */,
			);
			runOnlyForDeploymentPostprocessing = 0;
		};
		8F0DBBEB1C8B48000027A954 /* Sources */ = {
			isa = PBXSourcesBuildPhase;
			buildActionMask = 2147483647;
			files = (
				8F0DBBF41C8B48010027A954 /* BeyondVisionUITests.swift in Sources */,
			);
			runOnlyForDeploymentPostprocessing = 0;
		};
/* End PBXSourcesBuildPhase section */

/* Begin PBXTargetDependency section */
		8F0DBBE61C8B48000027A954 /* PBXTargetDependency */ = {
			isa = PBXTargetDependency;
			target = 8F0DBBCC1C8B48000027A954 /* BeyondVision */;
			targetProxy = 8F0DBBE51C8B48000027A954 /* PBXContainerItemProxy */;
		};
		8F0DBBF11C8B48000027A954 /* PBXTargetDependency */ = {
			isa = PBXTargetDependency;
			target = 8F0DBBCC1C8B48000027A954 /* BeyondVision */;
			targetProxy = 8F0DBBF01C8B48000027A954 /* PBXContainerItemProxy */;
		};
/* End PBXTargetDependency section */

/* Begin PBXVariantGroup section */
		8F0DBBD41C8B48000027A954 /* Main.storyboard */ = {
			isa = PBXVariantGroup;
			children = (
				8F0DBBD51C8B48000027A954 /* Base */,
			);
			name = Main.storyboard;
			sourceTree = "<group>";
		};
		8F0DBBDC1C8B48000027A954 /* LaunchScreen.storyboard */ = {
			isa = PBXVariantGroup;
			children = (
				8F0DBBDD1C8B48000027A954 /* Base */,
			);
			name = LaunchScreen.storyboard;
			sourceTree = "<group>";
		};
/* End PBXVariantGroup section */

/* Begin XCBuildConfiguration section */
		8F0DBBF61C8B48010027A954 /* Debug */ = {
			isa = XCBuildConfiguration;
			buildSettings = {
				ALWAYS_SEARCH_USER_PATHS = NO;
				CLANG_CXX_LANGUAGE_STANDARD = "gnu++0x";
				CLANG_CXX_LIBRARY = "libc++";
				CLANG_ENABLE_MODULES = YES;
				CLANG_ENABLE_OBJC_ARC = YES;
				CLANG_WARN_BOOL_CONVERSION = YES;
				CLANG_WARN_CONSTANT_CONVERSION = YES;
				CLANG_WARN_DIRECT_OBJC_ISA_USAGE = YES_ERROR;
				CLANG_WARN_EMPTY_BODY = YES;
				CLANG_WARN_ENUM_CONVERSION = YES;
				CLANG_WARN_INT_CONVERSION = YES;
				CLANG_WARN_OBJC_ROOT_CLASS = YES_ERROR;
				CLANG_WARN_UNREACHABLE_CODE = YES;
				CLANG_WARN__DUPLICATE_METHOD_MATCH = YES;
				"CODE_SIGN_IDENTITY[sdk=iphoneos*]" = "iPhone Developer";
				COPY_PHASE_STRIP = NO;
				DEBUG_INFORMATION_FORMAT = dwarf;
				ENABLE_STRICT_OBJC_MSGSEND = YES;
				ENABLE_TESTABILITY = YES;
				GCC_C_LANGUAGE_STANDARD = gnu99;
				GCC_DYNAMIC_NO_PIC = NO;
				GCC_NO_COMMON_BLOCKS = YES;
				GCC_OPTIMIZATION_LEVEL = 0;
				GCC_PREPROCESSOR_DEFINITIONS = (
					"DEBUG=1",
					"$(inherited)",
				);
				GCC_WARN_64_TO_32_BIT_CONVERSION = YES;
				GCC_WARN_ABOUT_RETURN_TYPE = YES_ERROR;
				GCC_WARN_UNDECLARED_SELECTOR = YES;
				GCC_WARN_UNINITIALIZED_AUTOS = YES_AGGRESSIVE;
				GCC_WARN_UNUSED_FUNCTION = YES;
				GCC_WARN_UNUSED_VARIABLE = YES;
				IPHONEOS_DEPLOYMENT_TARGET = 9.2;
				MTL_ENABLE_DEBUG_INFO = YES;
				ONLY_ACTIVE_ARCH = YES;
				SDKROOT = iphoneos;
				SWIFT_OPTIMIZATION_LEVEL = "-Onone";
				TARGETED_DEVICE_FAMILY = 2;
			};
			name = Debug;
		};
		8F0DBBF71C8B48010027A954 /* Release */ = {
			isa = XCBuildConfiguration;
			buildSettings = {
				ALWAYS_SEARCH_USER_PATHS = NO;
				CLANG_CXX_LANGUAGE_STANDARD = "gnu++0x";
				CLANG_CXX_LIBRARY = "libc++";
				CLANG_ENABLE_MODULES = YES;
				CLANG_ENABLE_OBJC_ARC = YES;
				CLANG_WARN_BOOL_CONVERSION = YES;
				CLANG_WARN_CONSTANT_CONVERSION = YES;
				CLANG_WARN_DIRECT_OBJC_ISA_USAGE = YES_ERROR;
				CLANG_WARN_EMPTY_BODY = YES;
				CLANG_WARN_ENUM_CONVERSION = YES;
				CLANG_WARN_INT_CONVERSION = YES;
				CLANG_WARN_OBJC_ROOT_CLASS = YES_ERROR;
				CLANG_WARN_UNREACHABLE_CODE = YES;
				CLANG_WARN__DUPLICATE_METHOD_MATCH = YES;
				"CODE_SIGN_IDENTITY[sdk=iphoneos*]" = "iPhone Developer";
				COPY_PHASE_STRIP = NO;
				DEBUG_INFORMATION_FORMAT = "dwarf-with-dsym";
				ENABLE_NS_ASSERTIONS = NO;
				ENABLE_STRICT_OBJC_MSGSEND = YES;
				GCC_C_LANGUAGE_STANDARD = gnu99;
				GCC_NO_COMMON_BLOCKS = YES;
				GCC_WARN_64_TO_32_BIT_CONVERSION = YES;
				GCC_WARN_ABOUT_RETURN_TYPE = YES_ERROR;
				GCC_WARN_UNDECLARED_SELECTOR = YES;
				GCC_WARN_UNINITIALIZED_AUTOS = YES_AGGRESSIVE;
				GCC_WARN_UNUSED_FUNCTION = YES;
				GCC_WARN_UNUSED_VARIABLE = YES;
				IPHONEOS_DEPLOYMENT_TARGET = 9.2;
				MTL_ENABLE_DEBUG_INFO = NO;
				SDKROOT = iphoneos;
				TARGETED_DEVICE_FAMILY = 2;
				VALIDATE_PRODUCT = YES;
			};
			name = Release;
		};
		8F0DBBF91C8B48010027A954 /* Debug */ = {
			isa = XCBuildConfiguration;
			buildSettings = {
				ASSETCATALOG_COMPILER_APPICON_NAME = AppIcon;
				INFOPLIST_FILE = BeyondVision/Info.plist;
				LD_RUNPATH_SEARCH_PATHS = "$(inherited) @executable_path/Frameworks";
				PRODUCT_BUNDLE_IDENTIFIER = com.mariamn.BeyondVision;
				PRODUCT_NAME = "$(TARGET_NAME)";
			};
			name = Debug;
		};
		8F0DBBFA1C8B48010027A954 /* Release */ = {
			isa = XCBuildConfiguration;
			buildSettings = {
				ASSETCATALOG_COMPILER_APPICON_NAME = AppIcon;
				INFOPLIST_FILE = BeyondVision/Info.plist;
				LD_RUNPATH_SEARCH_PATHS = "$(inherited) @executable_path/Frameworks";
				PRODUCT_BUNDLE_IDENTIFIER = com.mariamn.BeyondVision;
				PRODUCT_NAME = "$(TARGET_NAME)";
			};
			name = Release;
		};
		8F0DBBFC1C8B48010027A954 /* Debug */ = {
			isa = XCBuildConfiguration;
			buildSettings = {
				BUNDLE_LOADER = "$(TEST_HOST)";
				INFOPLIST_FILE = BeyondVisionTests/Info.plist;
				LD_RUNPATH_SEARCH_PATHS = "$(inherited) @executable_path/Frameworks @loader_path/Frameworks";
				PRODUCT_BUNDLE_IDENTIFIER = com.mariamn.BeyondVisionTests;
				PRODUCT_NAME = "$(TARGET_NAME)";
				TEST_HOST = "$(BUILT_PRODUCTS_DIR)/BeyondVision.app/BeyondVision";
			};
			name = Debug;
		};
		8F0DBBFD1C8B48010027A954 /* Release */ = {
			isa = XCBuildConfiguration;
			buildSettings = {
				BUNDLE_LOADER = "$(TEST_HOST)";
				INFOPLIST_FILE = BeyondVisionTests/Info.plist;
				LD_RUNPATH_SEARCH_PATHS = "$(inherited) @executable_path/Frameworks @loader_path/Frameworks";
				PRODUCT_BUNDLE_IDENTIFIER = com.mariamn.BeyondVisionTests;
				PRODUCT_NAME = "$(TARGET_NAME)";
				TEST_HOST = "$(BUILT_PRODUCTS_DIR)/BeyondVision.app/BeyondVision";
			};
			name = Release;
		};
		8F0DBBFF1C8B48010027A954 /* Debug */ = {
			isa = XCBuildConfiguration;
			buildSettings = {
				INFOPLIST_FILE = BeyondVisionUITests/Info.plist;
				LD_RUNPATH_SEARCH_PATHS = "$(inherited) @executable_path/Frameworks @loader_path/Frameworks";
				PRODUCT_BUNDLE_IDENTIFIER = com.mariamn.BeyondVisionUITests;
				PRODUCT_NAME = "$(TARGET_NAME)";
				TEST_TARGET_NAME = BeyondVision;
				USES_XCTRUNNER = YES;
			};
			name = Debug;
		};
		8F0DBC001C8B48010027A954 /* Release */ = {
			isa = XCBuildConfiguration;
			buildSettings = {
				INFOPLIST_FILE = BeyondVisionUITests/Info.plist;
				LD_RUNPATH_SEARCH_PATHS = "$(inherited) @executable_path/Frameworks @loader_path/Frameworks";
				PRODUCT_BUNDLE_IDENTIFIER = com.mariamn.BeyondVisionUITests;
				PRODUCT_NAME = "$(TARGET_NAME)";
				TEST_TARGET_NAME = BeyondVision;
				USES_XCTRUNNER = YES;
			};
			name = Release;
		};
/* End XCBuildConfiguration section */

/* Begin XCConfigurationList section */
		8F0DBBC81C8B48000027A954 /* Build configuration list for PBXProject "BeyondVision" */ = {
			isa = XCConfigurationList;
			buildConfigurations = (
				8F0DBBF61C8B48010027A954 /* Debug */,
				8F0DBBF71C8B48010027A954 /* Release */,
			);
			defaultConfigurationIsVisible = 0;
			defaultConfigurationName = Release;
		};
		8F0DBBF81C8B48010027A954 /* Build configuration list for PBXNativeTarget "BeyondVision" */ = {
			isa = XCConfigurationList;
			buildConfigurations = (
				8F0DBBF91C8B48010027A954 /* Debug */,
				8F0DBBFA1C8B48010027A954 /* Release */,
			);
			defaultConfigurationIsVisible = 0;
		};
		8F0DBBFB1C8B48010027A954 /* Build configuration list for PBXNativeTarget "BeyondVisionTests" */ = {
			isa = XCConfigurationList;
			buildConfigurations = (
				8F0DBBFC1C8B48010027A954 /* Debug */,
				8F0DBBFD1C8B48010027A954 /* Release */,
			);
			defaultConfigurationIsVisible = 0;
		};
		8F0DBBFE1C8B48010027A954 /* Build configuration list for PBXNativeTarget "BeyondVisionUITests" */ = {
			isa = XCConfigurationList;
			buildConfigurations = (
				8F0DBBFF1C8B48010027A954 /* Debug */,
				8F0DBC001C8B48010027A954 /* Release */,
			);
			defaultConfigurationIsVisible = 0;
		};
/* End XCConfigurationList section */

/* Begin XCVersionGroup section */
		8F0DBBD71C8B48000027A954 /* BeyondVision.xcdatamodeld */ = {
			isa = XCVersionGroup;
			children = (
				8F0DBBD81C8B48000027A954 /* BeyondVision.xcdatamodel */,
			);
			currentVersion = 8F0DBBD81C8B48000027A954 /* BeyondVision.xcdatamodel */;
			path = BeyondVision.xcdatamodeld;
			sourceTree = "<group>";
			versionGroupType = wrapper.xcdatamodel;
		};
/* End XCVersionGroup section */
	};
	rootObject = 8F0DBBC51C8B48000027A954 /* Project object */;
}
